
Microsoft Visual Studio Solution File, Format Version 12.00
# Visual Studio Version 17
VisualStudioVersion = 17.4.33205.214
MinimumVisualStudioVersion = 10.0.40219.1
Project("{FAE04EC0-301F-11D3-BF4B-00C04F79EFBC}") = "eCinemaConnect", "eCinemaConnect\eCinemaConnect.csproj", "{8E69CA9C-AD5E-431E-BE89-01F4753FE215}"
EndProject
Project("{FAE04EC0-301F-11D3-BF4B-00C04F79EFBC}") = "eCinemaConnect.Model", "eCinemaConnect.Model\eCinemaConnect.Model.csproj", "{2F77868E-5A53-4E6A-B249-E44280B31DAB}"
EndProject
Project("{FAE04EC0-301F-11D3-BF4B-00C04F79EFBC}") = "eCinemaConnect.Services", "eCinemaConnect.Services\eCinemaConnect.Services.csproj", "{8BA30E1A-2228-4F74-A6C0-3ABB60E515C3}"
EndProject
Global
	GlobalSection(SolutionConfigurationPlatforms) = preSolution
		Debug|Any CPU = Debug|Any CPU
		Release|Any CPU = Release|Any CPU
	EndGlobalSection
	GlobalSection(ProjectConfigurationPlatforms) = postSolution
		{8E69CA9C-AD5E-431E-BE89-01F4753FE215}.Debug|Any CPU.ActiveCfg = Debug|Any CPU
		{8E69CA9C-AD5E-431E-BE89-01F4753FE215}.Debug|Any CPU.Build.0 = Debug|Any CPU
		{8E69CA9C-AD5E-431E-BE89-01F4753FE215}.Release|Any CPU.ActiveCfg = Release|Any CPU
		{8E69CA9C-AD5E-431E-BE89-01F4753FE215}.Release|Any CPU.Build.0 = Release|Any CPU
		{2F77868E-5A53-4E6A-B249-E44280B31DAB}.Debug|Any CPU.ActiveCfg = Debug|Any CPU
		{2F77868E-5A53-4E6A-B249-E44280B31DAB}.Debug|Any CPU.Build.0 = Debug|Any CPU
		{2F77868E-5A53-4E6A-B249-E44280B31DAB}.Release|Any CPU.ActiveCfg = Release|Any CPU
		{2F77868E-5A53-4E6A-B249-E44280B31DAB}.Release|Any CPU.Build.0 = Release|Any CPU
		{8BA30E1A-2228-4F74-A6C0-3ABB60E515C3}.Debug|Any CPU.ActiveCfg = Debug|Any CPU
		{8BA30E1A-2228-4F74-A6C0-3ABB60E515C3}.Debug|Any CPU.Build.0 = Debug|Any CPU
		{8BA30E1A-2228-4F74-A6C0-3ABB60E515C3}.Release|Any CPU.ActiveCfg = Release|Any CPU
		{8BA30E1A-2228-4F74-A6C0-3ABB60E515C3}.Release|Any CPU.Build.0 = Release|Any CPU
	EndGlobalSection
	GlobalSection(SolutionProperties) = preSolution
		HideSolutionNode = FALSE
	EndGlobalSection
	GlobalSection(ExtensibilityGlobals) = postSolution
		SolutionGuid = {08D7FA7E-B681-493A-AB83-61FC42CFCE71}
	EndGlobalSection
EndGlobal
