
Microsoft Visual Studio Solution File, Format Version 12.00
# Visual Studio Version 17
VisualStudioVersion = 17.4.33205.214
MinimumVisualStudioVersion = 10.0.40219.1
Project("{9A19103F-16F7-4668-BE54-9A1E7A4F7556}") = "eCinemaConnect", "eCinemaConnect\eCinemaConnect.csproj", "{8E69CA9C-AD5E-431E-BE89-01F4753FE215}"
EndProject
Project("{9A19103F-16F7-4668-BE54-9A1E7A4F7556}") = "eCinemaConnect.Model", "eCinemaConnect.Model\eCinemaConnect.Model.csproj", "{2F77868E-5A53-4E6A-B249-E44280B31DAB}"
EndProject
Project("{9A19103F-16F7-4668-BE54-9A1E7A4F7556}") = "eCinemaConnect.Services", "eCinemaConnect.Services\eCinemaConnect.Services.csproj", "{8BA30E1A-2228-4F74-A6C0-3ABB60E515C3}"
EndProject
Project("{9A19103F-16F7-4668-BE54-9A1E7A4F7556}") = "RabbitMQConsumer", "RabbitMQConsumer\RabbitMQConsumer.csproj", "{DC7EDC3C-A522-4566-9B10-CA6F103AF2DF}"
EndProject
Project("{2150E333-8FDC-42A3-9474-1A3956D46DE8}") = "Solution Items", "Solution Items", "{60D95F9A-0262-47AB-981C-AFF7E16CC3E7}"
	ProjectSection(SolutionItems) = preProject
		docker-compose.yml = docker-compose.yml
		Dockerfile = Dockerfile
		Dockerfile.sqlserver = Dockerfile.sqlserver
	EndProjectSection
EndProject
Global
	GlobalSection(SolutionConfigurationPlatforms) = preSolution
		Debug|Any CPU = Debug|Any CPU
		Release|Any CPU = Release|Any CPU
	EndGlobalSection
	GlobalSection(ProjectConfigurationPlatforms) = postSolution
		{8E69CA9C-AD5E-431E-BE89-01F4753FE215}.Debug|Any CPU.ActiveCfg = Debug|Any CPU
		{8E69CA9C-AD5E-431E-BE89-01F4753FE215}.Debug|Any CPU.Build.0 = Debug|Any CPU
		{8E69CA9C-AD5E-431E-BE89-01F4753FE215}.Release|Any CPU.ActiveCfg = Release|Any CPU
		{8E69CA9C-AD5E-431E-BE89-01F4753FE215}.Release|Any CPU.Build.0 = Release|Any CPU
		{2F77868E-5A53-4E6A-B249-E44280B31DAB}.Debug|Any CPU.ActiveCfg = Debug|Any CPU
		{2F77868E-5A53-4E6A-B249-E44280B31DAB}.Debug|Any CPU.Build.0 = Debug|Any CPU
		{2F77868E-5A53-4E6A-B249-E44280B31DAB}.Release|Any CPU.ActiveCfg = Release|Any CPU
		{2F77868E-5A53-4E6A-B249-E44280B31DAB}.Release|Any CPU.Build.0 = Release|Any CPU
		{8BA30E1A-2228-4F74-A6C0-3ABB60E515C3}.Debug|Any CPU.ActiveCfg = Debug|Any CPU
		{8BA30E1A-2228-4F74-A6C0-3ABB60E515C3}.Debug|Any CPU.Build.0 = Debug|Any CPU
		{8BA30E1A-2228-4F74-A6C0-3ABB60E515C3}.Release|Any CPU.ActiveCfg = Release|Any CPU
		{8BA30E1A-2228-4F74-A6C0-3ABB60E515C3}.Release|Any CPU.Build.0 = Release|Any CPU
		{DC7EDC3C-A522-4566-9B10-CA6F103AF2DF}.Debug|Any CPU.ActiveCfg = Debug|Any CPU
		{DC7EDC3C-A522-4566-9B10-CA6F103AF2DF}.Debug|Any CPU.Build.0 = Debug|Any CPU
		{DC7EDC3C-A522-4566-9B10-CA6F103AF2DF}.Release|Any CPU.ActiveCfg = Release|Any CPU
		{DC7EDC3C-A522-4566-9B10-CA6F103AF2DF}.Release|Any CPU.Build.0 = Release|Any CPU
	EndGlobalSection
	GlobalSection(SolutionProperties) = preSolution
		HideSolutionNode = FALSE
	EndGlobalSection
	GlobalSection(ExtensibilityGlobals) = postSolution
		SolutionGuid = {08D7FA7E-B681-493A-AB83-61FC42CFCE71}
	EndGlobalSection
EndGlobal
